
Microsoft Visual Studio Solution File, Format Version 12.00
# Visual Studio Version 16
VisualStudioVersion = 16.0.30309.148
MinimumVisualStudioVersion = 10.0.40219.1
Project("{FAE04EC0-301F-11D3-BF4B-00C04F79EFBC}") = "JamboPay", "JamboPay\JamboPay.csproj", "{843B4F88-31E6-4E44-88FC-8872F56CBF6B}"
EndProject
Global
	GlobalSection(SolutionConfigurationPlatforms) = preSolution
		Debug|Any CPU = Debug|Any CPU
		Release|Any CPU = Release|Any CPU
	EndGlobalSection
	GlobalSection(ProjectConfigurationPlatforms) = postSolution
		{843B4F88-31E6-4E44-88FC-8872F56CBF6B}.Debug|Any CPU.ActiveCfg = Debug|Any CPU
		{843B4F88-31E6-4E44-88FC-8872F56CBF6B}.Debug|Any CPU.Build.0 = Debug|Any CPU
		{843B4F88-31E6-4E44-88FC-8872F56CBF6B}.Release|Any CPU.ActiveCfg = Release|Any CPU
		{843B4F88-31E6-4E44-88FC-8872F56CBF6B}.Release|Any CPU.Build.0 = Release|Any CPU
	EndGlobalSection
	GlobalSection(SolutionProperties) = preSolution
		HideSolutionNode = FALSE
	EndGlobalSection
	GlobalSection(ExtensibilityGlobals) = postSolution
		SolutionGuid = {792A45CE-232C-4C35-B1C6-FFA43016C81A}
	EndGlobalSection
EndGlobal
